github.com/larsartmann/go-error-family v0.6.0 h1:u2g99qcNHPPjNCujPH+4IhFJe4s3Zimjh/VrT8sUP2Q=
github.com/larsartmann/go-error-family v0.6.0/go.mod h1:Lrz/C2Sj2XkHQ1jv0RZoSJhH0huebawofSp17qiaFoQ=
github.com/larsartmann/go-error-family/diagnose v0.1.0 h1:eIdsCtDQz22nkGNP8QaX38sUdxlTQ74WAlLqK4Uwcbs=
github.com/larsartmann/go-error-family/diagnose v0.1.0/go.mod h1:yjLhP+5go9A50hbzaidbviaTkejBNValDufSLekBAx4=
