github.com/larsartmann/go-error-family v0.5.0 h1:BCRn+IKHtzQlmH7F+BWq1El1ZUWHRNpdfq5HKzTv9o8=
github.com/larsartmann/go-error-family v0.5.0/go.mod h1:JbSRM+qePUMzqr2L28oEeIf7QjWUnwAnUHpUfqp/flg=
github.com/larsartmann/go-error-family/diagnose v0.1.0 h1:eIdsCtDQz22nkGNP8QaX38sUdxlTQ74WAlLqK4Uwcbs=
github.com/larsartmann/go-error-family/diagnose v0.1.0/go.mod h1:yjLhP+5go9A50hbzaidbviaTkejBNValDufSLekBAx4=
