github.com/larsartmann/go-error-family v0.8.0 h1:dBdOJ4VKINK/90JJqSJb5LwEW5fnU9wzU23rLp2FGp4=
github.com/larsartmann/go-error-family v0.8.0/go.mod h1:JEvLiYWT8p9WrNXrD1Ow97DphYsB9Bksr2lNmwG3Vm4=
github.com/larsartmann/go-error-family/diagnose v0.2.0 h1:1nLHfAIx/gIbSm75KS7xD+8KlnVfRm39WsIn7m4LNqA=
github.com/larsartmann/go-error-family/diagnose v0.2.0/go.mod h1:Fw4xZST3l7setm7LRilSzHhYtLdZ6RyVIUagGO+EAy0=
