github.com/larsartmann/go-error-family v0.10.2 h1:WXrBI60IZBli5bvjOr/XOZbqzPtGAPFerdumzy8CnTU=
github.com/larsartmann/go-error-family v0.10.2/go.mod h1:SYSVwVMTkw2GcqXI4khjMYOg7ey39o8sh7rXC9LfNcY=
github.com/larsartmann/go-error-family/diagnose v0.2.5 h1:asICOwpFDoWZVVtwnDT3nQ+yA15pw0I5QfrWEBCvCkQ=
github.com/larsartmann/go-error-family/diagnose v0.2.5/go.mod h1:ZkPS8jZi8hUK6b3mrxYl7G2GLrGTgi0yvdxtt4WZgzc=
