github.com/larsartmann/go-error-family v0.11.0 h1:xqXLKrTMznStmHUapxd/6Fj5/878sb4SIZiy4JvCItQ=
github.com/larsartmann/go-error-family v0.11.0/go.mod h1:CAzjAVWjAFDUXEaaRqIgjW28i/NrQ07OsE9Dffhx29c=
github.com/larsartmann/go-error-family/diagnose v0.2.6 h1:XlyEU+f9oR0rL3dkPtCdHZWEx3lAoailBrzJr0W8UE4=
github.com/larsartmann/go-error-family/diagnose v0.2.6/go.mod h1:ZkPS8jZi8hUK6b3mrxYl7G2GLrGTgi0yvdxtt4WZgzc=
