github.com/larsartmann/go-error-family v0.6.1 h1:GLfo9UaMER3PkniYLNIHs6ay0I67gE91VFEifw1Goo8=
github.com/larsartmann/go-error-family v0.6.1/go.mod h1:JEvLiYWT8p9WrNXrD1Ow97DphYsB9Bksr2lNmwG3Vm4=
github.com/larsartmann/go-error-family/diagnose v0.1.1 h1:JH1NGN41z1ybKSCsMcID7QG6/S0ZwIak5oWmCZOWbnk=
github.com/larsartmann/go-error-family/diagnose v0.1.1/go.mod h1:bjfVEbtuMrxRkp3tzfRSgubQ4V6DG8hS1Oi9TGlnm2c=
