github.com/larsartmann/go-error-family v0.5.1 h1:rYDNU0sv+6ri0xel6MswIeDT2dRh3q+RSc5uWnAwecg=
github.com/larsartmann/go-error-family v0.5.1/go.mod h1:JbSRM+qePUMzqr2L28oEeIf7QjWUnwAnUHpUfqp/flg=
github.com/larsartmann/go-error-family/diagnose v0.1.0 h1:eIdsCtDQz22nkGNP8QaX38sUdxlTQ74WAlLqK4Uwcbs=
github.com/larsartmann/go-error-family/diagnose v0.1.0/go.mod h1:yjLhP+5go9A50hbzaidbviaTkejBNValDufSLekBAx4=
